
Microsoft Visual Studio Solution File, Format Version 12.00
# Visual Studio Version 17
VisualStudioVersion = 17.3.32929.385
MinimumVisualStudioVersion = 10.0.40219.1
Project("{FAE04EC0-301F-11D3-BF4B-00C04F79EFBC}") = "FullStack.API", "FullStack.API\FullStack.API.csproj", "{2AD4645A-F927-463C-BB08-31FE4D588941}"
EndProject
Global
	GlobalSection(SolutionConfigurationPlatforms) = preSolution
		Debug|Any CPU = Debug|Any CPU
		Release|Any CPU = Release|Any CPU
	EndGlobalSection
	GlobalSection(ProjectConfigurationPlatforms) = postSolution
		{2AD4645A-F927-463C-BB08-31FE4D588941}.Debug|Any CPU.ActiveCfg = Debug|Any CPU
		{2AD4645A-F927-463C-BB08-31FE4D588941}.Debug|Any CPU.Build.0 = Debug|Any CPU
		{2AD4645A-F927-463C-BB08-31FE4D588941}.Release|Any CPU.ActiveCfg = Release|Any CPU
		{2AD4645A-F927-463C-BB08-31FE4D588941}.Release|Any CPU.Build.0 = Release|Any CPU
	EndGlobalSection
	GlobalSection(SolutionProperties) = preSolution
		HideSolutionNode = FALSE
	EndGlobalSection
	GlobalSection(ExtensibilityGlobals) = postSolution
		SolutionGuid = {B204AC54-E319-428B-9529-BE52A9BEA7DB}
	EndGlobalSection
EndGlobal
